// !$*UTF8*$!
{
	archiveVersion = 1;
	classes = {
	};
	objectVersion = 46;
	objects = {

/* Begin PBXBuildFile section */
		E08D1A951EA846BF00214972 /* AppDelegate.swift in Sources */ = {isa = PBXBuildFile; fileRef = E08D1A941EA846BF00214972 /* AppDelegate.swift */; };
		E08D1A971EA846BF00214972 /* ViewController.swift in Sources */ = {isa = PBXBuildFile; fileRef = E08D1A961EA846BF00214972 /* ViewController.swift */; };
		E08D1A9A1EA846BF00214972 /* Main.storyboard in Resources */ = {isa = PBXBuildFile; fileRef = E08D1A981EA846BF00214972 /* Main.storyboard */; };
		E08D1A9C1EA846BF00214972 /* Assets.xcassets in Resources */ = {isa = PBXBuildFile; fileRef = E08D1A9B1EA846BF00214972 /* Assets.xcassets */; };
		E08D1A9F1EA846BF00214972 /* LaunchScreen.storyboard in Resources */ = {isa = PBXBuildFile; fileRef = E08D1A9D1EA846BF00214972 /* LaunchScreen.storyboard */; };
		E08D1AAA1EA846BF00214972 /* NSURLSessionDemoTests.swift in Sources */ = {isa = PBXBuildFile; fileRef = E08D1AA91EA846BF00214972 /* NSURLSessionDemoTests.swift */; };
		E08D1AB51EA846BF00214972 /* NSURLSessionDemoUITests.swift in Sources */ = {isa = PBXBuildFile; fileRef = E08D1AB41EA846BF00214972 /* NSURLSessionDemoUITests.swift */; };
/* End PBXBuildFile section */

/* Begin PBXContainerItemProxy section */
		E08D1AA61EA846BF00214972 /* PBXContainerItemProxy */ = {
			isa = PBXContainerItemProxy;
			containerPortal = E08D1A891EA846BE00214972 /* Project object */;
			proxyType = 1;
			remoteGlobalIDString = E08D1A901EA846BE00214972;
			remoteInfo = NSURLSessionDemo;
		};
		E08D1AB11EA846BF00214972 /* PBXContainerItemProxy */ = {
			isa = PBXContainerItemProxy;
			containerPortal = E08D1A891EA846BE00214972 /* Project object */;
			proxyType = 1;
			remoteGlobalIDString = E08D1A901EA846BE00214972;
			remoteInfo = NSURLSessionDemo;
		};
/* End PBXContainerItemProxy section */

/* Begin PBXFileReference section */
		E08D1A911EA846BE00214972 /* NSURLSessionDemo.app */ = {isa = PBXFileReference; explicitFileType = wrapper.application; includeInIndex = 0; path = NSURLSessionDemo.app; sourceTree = BUILT_PRODUCTS_DIR; };
		E08D1A941EA846BF00214972 /* AppDelegate.swift */ = {isa = PBXFileReference; lastKnownFileType = sourcecode.swift; path = AppDelegate.swift; sourceTree = "<group>"; };
		E08D1A961EA846BF00214972 /* ViewController.swift */ = {isa = PBXFileReference; lastKnownFileType = sourcecode.swift; path = ViewController.swift; sourceTree = "<group>"; };
		E08D1A991EA846BF00214972 /* Base */ = {isa = PBXFileReference; lastKnownFileType = file.storyboard; name = Base; path = Base.lproj/Main.storyboard; sourceTree = "<group>"; };
		E08D1A9B1EA846BF00214972 /* Assets.xcassets */ = {isa = PBXFileReference; lastKnownFileType = folder.assetcatalog; path = Assets.xcassets; sourceTree = "<group>"; };
		E08D1A9E1EA846BF00214972 /* Base */ = {isa = PBXFileReference; lastKnownFileType = file.storyboard; name = Base; path = Base.lproj/LaunchScreen.storyboard; sourceTree = "<group>"; };
		E08D1AA01EA846BF00214972 /* Info.plist */ = {isa = PBXFileReference; lastKnownFileType = text.plist.xml; path = Info.plist; sourceTree = "<group>"; };
		E08D1AA51EA846BF00214972 /* NSURLSessionDemoTests.xctest */ = {isa = PBXFileReference; explicitFileType = wrapper.cfbundle; includeInIndex = 0; path = NSURLSessionDemoTests.xctest; sourceTree = BUILT_PRODUCTS_DIR; };
		E08D1AA91EA846BF00214972 /* NSURLSessionDemoTests.swift */ = {isa = PBXFileReference; lastKnownFileType = sourcecode.swift; path = NSURLSessionDemoTests.swift; sourceTree = "<group>"; };
		E08D1AAB1EA846BF00214972 /* Info.plist */ = {isa = PBXFileReference; lastKnownFileType = text.plist.xml; path = Info.plist; sourceTree = "<group>"; };
		E08D1AB01EA846BF00214972 /* NSURLSessionDemoUITests.xctest */ = {isa = PBXFileReference; explicitFileType = wrapper.cfbundle; includeInIndex = 0; path = NSURLSessionDemoUITests.xctest; sourceTree = BUILT_PRODUCTS_DIR; };
		E08D1AB41EA846BF00214972 /* NSURLSessionDemoUITests.swift */ = {isa = PBXFileReference; lastKnownFileType = sourcecode.swift; path = NSURLSessionDemoUITests.swift; sourceTree = "<group>"; };
		E08D1AB61EA846BF00214972 /* Info.plist */ = {isa = PBXFileReference; lastKnownFileType = text.plist.xml; path = Info.plist; sourceTree = "<group>"; };
/* End PBXFileReference section */

/* Begin PBXFrameworksBuildPhase section */
		E08D1A8E1EA846BE00214972 /* Frameworks */ = {
			isa = PBXFrameworksBuildPhase;
			buildActionMask = 2147483647;
			files = (
			);
			runOnlyForDeploymentPostprocessing = 0;
		};
		E08D1AA21EA846BF00214972 /* Frameworks */ = {
			isa = PBXFrameworksBuildPhase;
			buildActionMask = 2147483647;
			files = (
			);
			runOnlyForDeploymentPostprocessing = 0;
		};
		E08D1AAD1EA846BF00214972 /* Frameworks */ = {
			isa = PBXFrameworksBuildPhase;
			buildActionMask = 2147483647;
			files = (
			);
			runOnlyForDeploymentPostprocessing = 0;
		};
/* End PBXFrameworksBuildPhase section */

/* Begin PBXGroup section */
		E08D1A881EA846BE00214972 = {
			isa = PBXGroup;
			children = (
				E08D1A931EA846BE00214972 /* NSURLSessionDemo */,
				E08D1AA81EA846BF00214972 /* NSURLSessionDemoTests */,
				E08D1AB31EA846BF00214972 /* NSURLSessionDemoUITests */,
				E08D1A921EA846BE00214972 /* Products */,
			);
			sourceTree = "<group>";
		};
		E08D1A921EA846BE00214972 /* Products */ = {
			isa = PBXGroup;
			children = (
				E08D1A911EA846BE00214972 /* NSURLSessionDemo.app */,
				E08D1AA51EA846BF00214972 /* NSURLSessionDemoTests.xctest */,
				E08D1AB01EA846BF00214972 /* NSURLSessionDemoUITests.xctest */,
			);
			name = Products;
			sourceTree = "<group>";
		};
		E08D1A931EA846BE00214972 /* NSURLSessionDemo */ = {
			isa = PBXGroup;
			children = (
				E08D1A941EA846BF00214972 /* AppDelegate.swift */,
				E08D1A961EA846BF00214972 /* ViewController.swift */,
				E08D1A981EA846BF00214972 /* Main.storyboard */,
				E08D1A9B1EA846BF00214972 /* Assets.xcassets */,
				E08D1A9D1EA846BF00214972 /* LaunchScreen.storyboard */,
				E08D1AA01EA846BF00214972 /* Info.plist */,
			);
			path = NSURLSessionDemo;
			sourceTree = "<group>";
		};
		E08D1AA81EA846BF00214972 /* NSURLSessionDemoTests */ = {
			isa = PBXGroup;
			children = (
				E08D1AA91EA846BF00214972 /* NSURLSessionDemoTests.swift */,
				E08D1AAB1EA846BF00214972 /* Info.plist */,
			);
			path = NSURLSessionDemoTests;
			sourceTree = "<group>";
		};
		E08D1AB31EA846BF00214972 /* NSURLSessionDemoUITests */ = {
			isa = PBXGroup;
			children = (
				E08D1AB41EA846BF00214972 /* NSURLSessionDemoUITests.swift */,
				E08D1AB61EA846BF00214972 /* Info.plist */,
			);
			path = NSURLSessionDemoUITests;
			sourceTree = "<group>";
		};
/* End PBXGroup section */

/* Begin PBXNativeTarget section */
		E08D1A901EA846BE00214972 /* NSURLSessionDemo */ = {
			isa = PBXNativeTarget;
			buildConfigurationList = E08D1AB91EA846BF00214972 /* Build configuration list for PBXNativeTarget "NSURLSessionDemo" */;
			buildPhases = (
				E08D1A8D1EA846BE00214972 /* Sources */,
				E08D1A8E1EA846BE00214972 /* Frameworks */,
				E08D1A8F1EA846BE00214972 /* Resources */,
			);
			buildRules = (
			);
			dependencies = (
			);
			name = NSURLSessionDemo;
			productName = NSURLSessionDemo;
			productReference = E08D1A911EA846BE00214972 /* NSURLSessionDemo.app */;
			productType = "com.apple.product-type.application";
		};
		E08D1AA41EA846BF00214972 /* NSURLSessionDemoTests */ = {
			isa = PBXNativeTarget;
			buildConfigurationList = E08D1ABC1EA846BF00214972 /* Build configuration list for PBXNativeTarget "NSURLSessionDemoTests" */;
			buildPhases = (
				E08D1AA11EA846BF00214972 /* Sources */,
				E08D1AA21EA846BF00214972 /* Frameworks */,
				E08D1AA31EA846BF00214972 /* Resources */,
			);
			buildRules = (
			);
			dependencies = (
				E08D1AA71EA846BF00214972 /* PBXTargetDependency */,
			);
			name = NSURLSessionDemoTests;
			productName = NSURLSessionDemoTests;
			productReference = E08D1AA51EA846BF00214972 /* NSURLSessionDemoTests.xctest */;
			productType = "com.apple.product-type.bundle.unit-test";
		};
		E08D1AAF1EA846BF00214972 /* NSURLSessionDemoUITests */ = {
			isa = PBXNativeTarget;
			buildConfigurationList = E08D1ABF1EA846BF00214972 /* Build configuration list for PBXNativeTarget "NSURLSessionDemoUITests" */;
			buildPhases = (
				E08D1AAC1EA846BF00214972 /* Sources */,
				E08D1AAD1EA846BF00214972 /* Frameworks */,
				E08D1AAE1EA846BF00214972 /* Resources */,
			);
			buildRules = (
			);
			dependencies = (
				E08D1AB21EA846BF00214972 /* PBXTargetDependency */,
			);
			name = NSURLSessionDemoUITests;
			productName = NSURLSessionDemoUITests;
			productReference = E08D1AB01EA846BF00214972 /* NSURLSessionDemoUITests.xctest */;
			productType = "com.apple.product-type.bundle.ui-testing";
		};
/* End PBXNativeTarget section */

/* Begin PBXProject section */
		E08D1A891EA846BE00214972 /* Project object */ = {
			isa = PBXProject;
			attributes = {
				LastSwiftUpdateCheck = 0830;
				LastUpgradeCheck = 0830;
				ORGANIZATIONNAME = "婉卿容若";
				TargetAttributes = {
					E08D1A901EA846BE00214972 = {
						CreatedOnToolsVersion = 8.3.2;
						DevelopmentTeam = UZZG6NM74T;
						ProvisioningStyle = Automatic;
					};
					E08D1AA41EA846BF00214972 = {
						CreatedOnToolsVersion = 8.3.2;
						DevelopmentTeam = UZZG6NM74T;
						ProvisioningStyle = Automatic;
						TestTargetID = E08D1A901EA846BE00214972;
					};
					E08D1AAF1EA846BF00214972 = {
						CreatedOnToolsVersion = 8.3.2;
						DevelopmentTeam = UZZG6NM74T;
						ProvisioningStyle = Automatic;
						TestTargetID = E08D1A901EA846BE00214972;
					};
				};
			};
			buildConfigurationList = E08D1A8C1EA846BE00214972 /* Build configuration list for PBXProject "NSURLSessionDemo" */;
			compatibilityVersion = "Xcode 3.2";
			developmentRegion = English;
			hasScannedForEncodings = 0;
			knownRegions = (
				en,
				Base,
			);
			mainGroup = E08D1A881EA846BE00214972;
			productRefGroup = E08D1A921EA846BE00214972 /* Products */;
			projectDirPath = "";
			projectRoot = "";
			targets = (
				E08D1A901EA846BE00214972 /* NSURLSessionDemo */,
				E08D1AA41EA846BF00214972 /* NSURLSessionDemoTests */,
				E08D1AAF1EA846BF00214972 /* NSURLSessionDemoUITests */,
			);
		};
/* End PBXProject section */

/* Begin PBXResourcesBuildPhase section */
		E08D1A8F1EA846BE00214972 /* Resources */ = {
			isa = PBXResourcesBuildPhase;
			buildActionMask = 2147483647;
			files = (
				E08D1A9F1EA846BF00214972 /* LaunchScreen.storyboard in Resources */,
				E08D1A9C1EA846BF00214972 /* Assets.xcassets in Resources */,
				E08D1A9A1EA846BF00214972 /* Main.storyboard in Resources */,
			);
			runOnlyForDeploymentPostprocessing = 0;
		};
		E08D1AA31EA846BF00214972 /* Resources */ = {
			isa = PBXResourcesBuildPhase;
			buildActionMask = 2147483647;
			files = (
			);
			runOnlyForDeploymentPostprocessing = 0;
		};
		E08D1AAE1EA846BF00214972 /* Resources */ = {
			isa = PBXResourcesBuildPhase;
			buildActionMask = 2147483647;
			files = (
			);
			runOnlyForDeploymentPostprocessing = 0;
		};
/* End PBXResourcesBuildPhase section */

/* Begin PBXSourcesBuildPhase section */
		E08D1A8D1EA846BE00214972 /* Sources */ = {
			isa = PBXSourcesBuildPhase;
			buildActionMask = 2147483647;
			files = (
				E08D1A971EA846BF00214972 /* ViewController.swift in Sources */,
				E08D1A951EA846BF00214972 /* AppDelegate.swift in Sources */,
			);
			runOnlyForDeploymentPostprocessing = 0;
		};
		E08D1AA11EA846BF00214972 /* Sources */ = {
			isa = PBXSourcesBuildPhase;
			buildActionMask = 2147483647;
			files = (
				E08D1AAA1EA846BF00214972 /* NSURLSessionDemoTests.swift in Sources */,
			);
			runOnlyForDeploymentPostprocessing = 0;
		};
		E08D1AAC1EA846BF00214972 /* Sources */ = {
			isa = PBXSourcesBuildPhase;
			buildActionMask = 2147483647;
			files = (
				E08D1AB51EA846BF00214972 /* NSURLSessionDemoUITests.swift in Sources */,
			);
			runOnlyForDeploymentPostprocessing = 0;
		};
/* End PBXSourcesBuildPhase section */

/* Begin PBXTargetDependency section */
		E08D1AA71EA846BF00214972 /* PBXTargetDependency */ = {
			isa = PBXTargetDependency;
			target = E08D1A901EA846BE00214972 /* NSURLSessionDemo */;
			targetProxy = E08D1AA61EA846BF00214972 /* PBXContainerItemProxy */;
		};
		E08D1AB21EA846BF00214972 /* PBXTargetDependency */ = {
			isa = PBXTargetDependency;
			target = E08D1A901EA846BE00214972 /* NSURLSessionDemo */;
			targetProxy = E08D1AB11EA846BF00214972 /* PBXContainerItemProxy */;
		};
/* End PBXTargetDependency section */

/* Begin PBXVariantGroup section */
		E08D1A981EA846BF00214972 /* Main.storyboard */ = {
			isa = PBXVariantGroup;
			children = (
				E08D1A991EA846BF00214972 /* Base */,
			);
			name = Main.storyboard;
			sourceTree = "<group>";
		};
		E08D1A9D1EA846BF00214972 /* LaunchScreen.storyboard */ = {
			isa = PBXVariantGroup;
			children = (
				E08D1A9E1EA846BF00214972 /* Base */,
			);
			name = LaunchScreen.storyboard;
			sourceTree = "<group>";
		};
/* End PBXVariantGroup section */

/* Begin XCBuildConfiguration section */
		E08D1AB71EA846BF00214972 /* Debug */ = {
			isa = XCBuildConfiguration;
			buildSettings = {
				ALWAYS_SEARCH_USER_PATHS = NO;
				CLANG_ANALYZER_NONNULL = YES;
				CLANG_ANALYZER_NUMBER_OBJECT_CONVERSION = YES_AGGRESSIVE;
				CLANG_CXX_LANGUAGE_STANDARD = "gnu++0x";
				CLANG_CXX_LIBRARY = "libc++";
				CLANG_ENABLE_MODULES = YES;
				CLANG_ENABLE_OBJC_ARC = YES;
				CLANG_WARN_BOOL_CONVERSION = YES;
				CLANG_WARN_CONSTANT_CONVERSION = YES;
				CLANG_WARN_DIRECT_OBJC_ISA_USAGE = YES_ERROR;
				CLANG_WARN_DOCUMENTATION_COMMENTS = YES;
				CLANG_WARN_EMPTY_BODY = YES;
				CLANG_WARN_ENUM_CONVERSION = YES;
				CLANG_WARN_INFINITE_RECURSION = YES;
				CLANG_WARN_INT_CONVERSION = YES;
				CLANG_WARN_OBJC_ROOT_CLASS = YES_ERROR;
				CLANG_WARN_SUSPICIOUS_MOVE = YES;
				CLANG_WARN_UNREACHABLE_CODE = YES;
				CLANG_WARN__DUPLICATE_METHOD_MATCH = YES;
				"CODE_SIGN_IDENTITY[sdk=iphoneos*]" = "iPhone Developer";
				COPY_PHASE_STRIP = NO;
				DEBUG_INFORMATION_FORMAT = dwarf;
				ENABLE_STRICT_OBJC_MSGSEND = YES;
				ENABLE_TESTABILITY = YES;
				GCC_C_LANGUAGE_STANDARD = gnu99;
				GCC_DYNAMIC_NO_PIC = NO;
				GCC_NO_COMMON_BLOCKS = YES;
				GCC_OPTIMIZATION_LEVEL = 0;
				GCC_PREPROCESSOR_DEFINITIONS = (
					"DEBUG=1",
					"$(inherited)",
				);
				GCC_WARN_64_TO_32_BIT_CONVERSION = YES;
				GCC_WARN_ABOUT_RETURN_TYPE = YES_ERROR;
				GCC_WARN_UNDECLARED_SELECTOR = YES;
				GCC_WARN_UNINITIALIZED_AUTOS = YES_AGGRESSIVE;
				GCC_WARN_UNUSED_FUNCTION = YES;
				GCC_WARN_UNUSED_VARIABLE = YES;
				IPHONEOS_DEPLOYMENT_TARGET = 10.3;
				MTL_ENABLE_DEBUG_INFO = YES;
				ONLY_ACTIVE_ARCH = YES;
				SDKROOT = iphoneos;
				SWIFT_ACTIVE_COMPILATION_CONDITIONS = DEBUG;
				SWIFT_OPTIMIZATION_LEVEL = "-Onone";
				TARGETED_DEVICE_FAMILY = "1,2";
			};
			name = Debug;
		};
		E08D1AB81EA846BF00214972 /* Release */ = {
			isa = XCBuildConfiguration;
			buildSettings = {
				ALWAYS_SEARCH_USER_PATHS = NO;
				CLANG_ANALYZER_NONNULL = YES;
				CLANG_ANALYZER_NUMBER_OBJECT_CONVERSION = YES_AGGRESSIVE;
				CLANG_CXX_LANGUAGE_STANDARD = "gnu++0x";
				CLANG_CXX_LIBRARY = "libc++";
				CLANG_ENABLE_MODULES = YES;
				CLANG_ENABLE_OBJC_ARC = YES;
				CLANG_WARN_BOOL_CONVERSION = YES;
				CLANG_WARN_CONSTANT_CONVERSION = YES;
				CLANG_WARN_DIRECT_OBJC_ISA_USAGE = YES_ERROR;
				CLANG_WARN_DOCUMENTATION_COMMENTS = YES;
				CLANG_WARN_EMPTY_BODY = YES;
				CLANG_WARN_ENUM_CONVERSION = YES;
				CLANG_WARN_INFINITE_RECURSION = YES;
				CLANG_WARN_INT_CONVERSION = YES;
				CLANG_WARN_OBJC_ROOT_CLASS = YES_ERROR;
				CLANG_WARN_SUSPICIOUS_MOVE = YES;
				CLANG_WARN_UNREACHABLE_CODE = YES;
				CLANG_WARN__DUPLICATE_METHOD_MATCH = YES;
				"CODE_SIGN_IDENTITY[sdk=iphoneos*]" = "iPhone Developer";
				COPY_PHASE_STRIP = NO;
				DEBUG_INFORMATION_FORMAT = "dwarf-with-dsym";
				ENABLE_NS_ASSERTIONS = NO;
				ENABLE_STRICT_OBJC_MSGSEND = YES;
				GCC_C_LANGUAGE_STANDARD = gnu99;
				GCC_NO_COMMON_BLOCKS = YES;
				GCC_WARN_64_TO_32_BIT_CONVERSION = YES;
				GCC_WARN_ABOUT_RETURN_TYPE = YES_ERROR;
				GCC_WARN_UNDECLARED_SELECTOR = YES;
				GCC_WARN_UNINITIALIZED_AUTOS = YES_AGGRESSIVE;
				GCC_WARN_UNUSED_FUNCTION = YES;
				GCC_WARN_UNUSED_VARIABLE = YES;
				IPHONEOS_DEPLOYMENT_TARGET = 10.3;
				MTL_ENABLE_DEBUG_INFO = NO;
				SDKROOT = iphoneos;
				SWIFT_OPTIMIZATION_LEVEL = "-Owholemodule";
				TARGETED_DEVICE_FAMILY = "1,2";
				VALIDATE_PRODUCT = YES;
			};
			name = Release;
		};
		E08D1ABA1EA846BF00214972 /* Debug */ = {
			isa = XCBuildConfiguration;
			buildSettings = {
				ASSETCATALOG_COMPILER_APPICON_NAME = AppIcon;
				DEVELOPMENT_TEAM = UZZG6NM74T;
				INFOPLIST_FILE = NSURLSessionDemo/Info.plist;
				LD_RUNPATH_SEARCH_PATHS = "$(inherited) @executable_path/Frameworks";
				PRODUCT_BUNDLE_IDENTIFIER = com.ozner.NSURLSessionDemo;
				PRODUCT_NAME = "$(TARGET_NAME)";
				SWIFT_VERSION = 3.0;
			};
			name = Debug;
		};
		E08D1ABB1EA846BF00214972 /* Release */ = {
			isa = XCBuildConfiguration;
			buildSettings = {
				ASSETCATALOG_COMPILER_APPICON_NAME = AppIcon;
				DEVELOPMENT_TEAM = UZZG6NM74T;
				INFOPLIST_FILE = NSURLSessionDemo/Info.plist;
				LD_RUNPATH_SEARCH_PATHS = "$(inherited) @executable_path/Frameworks";
				PRODUCT_BUNDLE_IDENTIFIER = com.ozner.NSURLSessionDemo;
				PRODUCT_NAME = "$(TARGET_NAME)";
				SWIFT_VERSION = 3.0;
			};
			name = Release;
		};
		E08D1ABD1EA846BF00214972 /* Debug */ = {
			isa = XCBuildConfiguration;
			buildSettings = {
				ALWAYS_EMBED_SWIFT_STANDARD_LIBRARIES = YES;
				BUNDLE_LOADER = "$(TEST_HOST)";
				DEVELOPMENT_TEAM = UZZG6NM74T;
				INFOPLIST_FILE = NSURLSessionDemoTests/Info.plist;
				LD_RUNPATH_SEARCH_PATHS = "$(inherited) @executable_path/Frameworks @loader_path/Frameworks";
				PRODUCT_BUNDLE_IDENTIFIER = com.ozner.NSURLSessionDemoTests;
				PRODUCT_NAME = "$(TARGET_NAME)";
				SWIFT_VERSION = 3.0;
				TEST_HOST = "$(BUILT_PRODUCTS_DIR)/NSURLSessionDemo.app/NSURLSessionDemo";
			};
			name = Debug;
		};
		E08D1ABE1EA846BF00214972 /* Release */ = {
			isa = XCBuildConfiguration;
			buildSettings = {
				ALWAYS_EMBED_SWIFT_STANDARD_LIBRARIES = YES;
				BUNDLE_LOADER = "$(TEST_HOST)";
				DEVELOPMENT_TEAM = UZZG6NM74T;
				INFOPLIST_FILE = NSURLSessionDemoTests/Info.plist;
				LD_RUNPATH_SEARCH_PATHS = "$(inherited) @executable_path/Frameworks @loader_path/Frameworks";
				PRODUCT_BUNDLE_IDENTIFIER = com.ozner.NSURLSessionDemoTests;
				PRODUCT_NAME = "$(TARGET_NAME)";
				SWIFT_VERSION = 3.0;
				TEST_HOST = "$(BUILT_PRODUCTS_DIR)/NSURLSessionDemo.app/NSURLSessionDemo";
			};
			name = Release;
		};
		E08D1AC01EA846BF00214972 /* Debug */ = {
			isa = XCBuildConfiguration;
			buildSettings = {
				ALWAYS_EMBED_SWIFT_STANDARD_LIBRARIES = YES;
				DEVELOPMENT_TEAM = UZZG6NM74T;
				INFOPLIST_FILE = NSURLSessionDemoUITests/Info.plist;
				LD_RUNPATH_SEARCH_PATHS = "$(inherited) @executable_path/Frameworks @loader_path/Frameworks";
				PRODUCT_BUNDLE_IDENTIFIER = com.ozner.NSURLSessionDemoUITests;
				PRODUCT_NAME = "$(TARGET_NAME)";
				SWIFT_VERSION = 3.0;
				TEST_TARGET_NAME = NSURLSessionDemo;
			};
			name = Debug;
		};
		E08D1AC11EA846BF00214972 /* Release */ = {
			isa = XCBuildConfiguration;
			buildSettings = {
				ALWAYS_EMBED_SWIFT_STANDARD_LIBRARIES = YES;
				DEVELOPMENT_TEAM = UZZG6NM74T;
				INFOPLIST_FILE = NSURLSessionDemoUITests/Info.plist;
				LD_RUNPATH_SEARCH_PATHS = "$(inherited) @executable_path/Frameworks @loader_path/Frameworks";
				PRODUCT_BUNDLE_IDENTIFIER = com.ozner.NSURLSessionDemoUITests;
				PRODUCT_NAME = "$(TARGET_NAME)";
				SWIFT_VERSION = 3.0;
				TEST_TARGET_NAME = NSURLSessionDemo;
			};
			name = Release;
		};
/* End XCBuildConfiguration section */

/* Begin XCConfigurationList section */
		E08D1A8C1EA846BE00214972 /* Build configuration list for PBXProject "NSURLSessionDemo" */ = {
			isa = XCConfigurationList;
			buildConfigurations = (
				E08D1AB71EA846BF00214972 /* Debug */,
				E08D1AB81EA846BF00214972 /* Release */,
			);
			defaultConfigurationIsVisible = 0;
			defaultConfigurationName = Release;
		};
		E08D1AB91EA846BF00214972 /* Build configuration list for PBXNativeTarget "NSURLSessionDemo" */ = {
			isa = XCConfigurationList;
			buildConfigurations = (
				E08D1ABA1EA846BF00214972 /* Debug */,
				E08D1ABB1EA846BF00214972 /* Release */,
			);
			defaultConfigurationIsVisible = 0;
		};
		E08D1ABC1EA846BF00214972 /* Build configuration list for PBXNativeTarget "NSURLSessionDemoTests" */ = {
			isa = XCConfigurationList;
			buildConfigurations = (
				E08D1ABD1EA846BF00214972 /* Debug */,
				E08D1ABE1EA846BF00214972 /* Release */,
			);
			defaultConfigurationIsVisible = 0;
		};
		E08D1ABF1EA846BF00214972 /* Build configuration list for PBXNativeTarget "NSURLSessionDemoUITests" */ = {
			isa = XCConfigurationList;
			buildConfigurations = (
				E08D1AC01EA846BF00214972 /* Debug */,
				E08D1AC11EA846BF00214972 /* Release */,
			);
			defaultConfigurationIsVisible = 0;
		};
/* End XCConfigurationList section */
	};
	rootObject = E08D1A891EA846BE00214972 /* Project object */;
}
